{
  "version": 4,
  "terraform_version": "1.3.7",
  "serial": 7,
  "lineage": "84735945-5888-1b21-4e64-7c766039ecf9",
  "outputs": {},
  "resources": [
    {
      "mode": "data",
      "type": "google_compute_network",
      "name": "existing_default_network",
      "provider": "provider[\"registry.terraform.io/hashicorp/google\"]",
      "instances": [
        {
          "schema_version": 0,
          "attributes": {
            "description": "Default network for the project",
            "gateway_ipv4": "",
            "id": "projects/raplima-labs/global/networks/default",
            "name": "default",
            "project": null,
            "self_link": "https://www.googleapis.com/compute/v1/projects/raplima-labs/global/networks/default",
            "subnetworks_self_links": [
              "https://www.googleapis.com/compute/v1/projects/raplima-labs/regions/us-west3/subnetworks/default",
              "https://www.googleapis.com/compute/v1/projects/raplima-labs/regions/northamerica-northeast1/subnetworks/default",
              "https://www.googleapis.com/compute/v1/projects/raplima-labs/regions/asia-southeast2/subnetworks/default",
              "https://www.googleapis.com/compute/v1/projects/raplima-labs/regions/northamerica-northeast2/subnetworks/default",
              "https://www.googleapis.com/compute/v1/projects/raplima-labs/regions/europe-north1/subnetworks/default",
              "https://www.googleapis.com/compute/v1/projects/raplima-labs/regions/southamerica-west1/subnetworks/default",
              "https://www.googleapis.com/compute/v1/projects/raplima-labs/regions/southamerica-east1/subnetworks/default",
              "https://www.googleapis.com/compute/v1/projects/raplima-labs/regions/australia-southeast2/subnetworks/default",
              "https://www.googleapis.com/compute/v1/projects/raplima-labs/regions/asia-northeast1/subnetworks/default",
              "https://www.googleapis.com/compute/v1/projects/raplima-labs/regions/europe-west3/subnetworks/default",
              "https://www.googleapis.com/compute/v1/projects/raplima-labs/regions/asia-southeast2/subnetworks/dev-subnet-02",
              "https://www.googleapis.com/compute/v1/projects/raplima-labs/regions/us-central1/subnetworks/default",
              "https://www.googleapis.com/compute/v1/projects/raplima-labs/regions/us-east4/subnetworks/default",
              "https://www.googleapis.com/compute/v1/projects/raplima-labs/regions/europe-west4/subnetworks/default",
              "https://www.googleapis.com/compute/v1/projects/raplima-labs/regions/europe-southwest1/subnetworks/default",
              "https://www.googleapis.com/compute/v1/projects/raplima-labs/regions/us-east5/subnetworks/default",
              "https://www.googleapis.com/compute/v1/projects/raplima-labs/regions/europe-west2/subnetworks/default",
              "https://www.googleapis.com/compute/v1/projects/raplima-labs/regions/us-west4/subnetworks/default",
              "https://www.googleapis.com/compute/v1/projects/raplima-labs/regions/asia-east2/subnetworks/default",
              "https://www.googleapis.com/compute/v1/projects/raplima-labs/regions/europe-west8/subnetworks/default",
              "https://www.googleapis.com/compute/v1/projects/raplima-labs/regions/asia-south2/subnetworks/default",
              "https://www.googleapis.com/compute/v1/projects/raplima-labs/regions/europe-west6/subnetworks/default",
              "https://www.googleapis.com/compute/v1/projects/raplima-labs/regions/asia-northeast2/subnetworks/default",
              "https://www.googleapis.com/compute/v1/projects/raplima-labs/regions/asia-northeast3/subnetworks/default",
              "https://www.googleapis.com/compute/v1/projects/raplima-labs/regions/us-west1/subnetworks/default",
              "https://www.googleapis.com/compute/v1/projects/raplima-labs/regions/us-west2/subnetworks/default",
              "https://www.googleapis.com/compute/v1/projects/raplima-labs/regions/europe-central2/subnetworks/default",
              "https://www.googleapis.com/compute/v1/projects/raplima-labs/regions/asia-east1/subnetworks/default",
              "https://www.googleapis.com/compute/v1/projects/raplima-labs/regions/me-west1/subnetworks/default",
              "https://www.googleapis.com/compute/v1/projects/raplima-labs/regions/us-south1/subnetworks/default",
              "https://www.googleapis.com/compute/v1/projects/raplima-labs/regions/asia-south1/subnetworks/default",
              "https://www.googleapis.com/compute/v1/projects/raplima-labs/regions/europe-west9/subnetworks/default",
              "https://www.googleapis.com/compute/v1/projects/raplima-labs/regions/asia-southeast1/subnetworks/default",
              "https://www.googleapis.com/compute/v1/projects/raplima-labs/regions/us-east1/subnetworks/default",
              "https://www.googleapis.com/compute/v1/projects/raplima-labs/regions/europe-west1/subnetworks/default",
              "https://www.googleapis.com/compute/v1/projects/raplima-labs/regions/australia-southeast1/subnetworks/default"
            ]
          },
          "sensitive_attributes": []
        }
      ]
    },
    {
      "mode": "managed",
      "type": "google_compute_subnetwork",
      "name": "dev-subnet-02",
      "provider": "provider[\"registry.terraform.io/hashicorp/google\"]",
      "instances": [
        {
          "schema_version": 0,
          "attributes": {
            "creation_timestamp": "2023-01-09T21:23:15.917-08:00",
            "description": "",
            "external_ipv6_prefix": "",
            "fingerprint": null,
            "gateway_address": "10.110.0.1",
            "id": "projects/raplima-labs/regions/asia-southeast2/subnetworks/dev-subnet-02",
            "ip_cidr_range": "10.110.0.0/16",
            "ipv6_access_type": "",
            "ipv6_cidr_range": "",
            "log_config": [],
            "name": "dev-subnet-02",
            "network": "https://www.googleapis.com/compute/v1/projects/raplima-labs/global/networks/default",
            "private_ip_google_access": false,
            "private_ipv6_google_access": "DISABLE_GOOGLE_ACCESS",
            "project": "raplima-labs",
            "purpose": "PRIVATE",
            "region": "asia-southeast2",
            "role": "",
            "secondary_ip_range": [],
            "self_link": "https://www.googleapis.com/compute/v1/projects/raplima-labs/regions/asia-southeast2/subnetworks/dev-subnet-02",
            "stack_type": "IPV4_ONLY",
            "timeouts": null
          },
          "sensitive_attributes": [],
          "private": "eyJlMmJmYjczMC1lY2FhLTExZTYtOGY4OC0zNDM2M2JjN2M0YzAiOnsiY3JlYXRlIjoxMjAwMDAwMDAwMDAwLCJkZWxldGUiOjEyMDAwMDAwMDAwMDAsInVwZGF0ZSI6MTIwMDAwMDAwMDAwMH19",
          "dependencies": [
            "data.google_compute_network.existing_default_network"
          ]
        }
      ]
    }
  ],
  "check_results": null
}
